
Microsoft Visual Studio Solution File, Format Version 12.00
# Visual Studio Version 17
VisualStudioVersion = 17.2.32526.322
MinimumVisualStudioVersion = 10.0.40219.1
Project("{FAE04EC0-301F-11D3-BF4B-00C04F79EFBC}") = "Task1", "Task1\Task1.csproj", "{E8574656-F5E6-4669-BF58-2718C36E7D41}"
EndProject
Global
	GlobalSection(SolutionConfigurationPlatforms) = preSolution
		Debug|Any CPU = Debug|Any CPU
		Release|Any CPU = Release|Any CPU
	EndGlobalSection
	GlobalSection(ProjectConfigurationPlatforms) = postSolution
		{E8574656-F5E6-4669-BF58-2718C36E7D41}.Debug|Any CPU.ActiveCfg = Debug|Any CPU
		{E8574656-F5E6-4669-BF58-2718C36E7D41}.Debug|Any CPU.Build.0 = Debug|Any CPU
		{E8574656-F5E6-4669-BF58-2718C36E7D41}.Release|Any CPU.ActiveCfg = Release|Any CPU
		{E8574656-F5E6-4669-BF58-2718C36E7D41}.Release|Any CPU.Build.0 = Release|Any CPU
	EndGlobalSection
	GlobalSection(SolutionProperties) = preSolution
		HideSolutionNode = FALSE
	EndGlobalSection
	GlobalSection(ExtensibilityGlobals) = postSolution
		SolutionGuid = {E16A1969-7BA7-43D5-85E9-7367EE036EBB}
	EndGlobalSection
EndGlobal
